// !$*UTF8*$!
{
	archiveVersion = 1;
	classes = {
	};
	objectVersion = 77;
	objects = {

/* Begin PBXContainerItemProxy section */
		4B8E27802DC1771700E971F0 /* PBXContainerItemProxy */ = {
			isa = PBXContainerItemProxy;
			containerPortal = 4B8E27612DC1771500E971F0 /* Project object */;
			proxyType = 1;
			remoteGlobalIDString = 4B8E27682DC1771500E971F0;
			remoteInfo = "web-view-ios";
		};
		4B8E278A2DC1771700E971F0 /* PBXContainerItemProxy */ = {
			isa = PBXContainerItemProxy;
			containerPortal = 4B8E27612DC1771500E971F0 /* Project object */;
			proxyType = 1;
			remoteGlobalIDString = 4B8E27682DC1771500E971F0;
			remoteInfo = "web-view-ios";
		};
/* End PBXContainerItemProxy section */

/* Begin PBXFileReference section */
		4B8E27692DC1771500E971F0 /* web-view-ios.app */ = {isa = PBXFileReference; explicitFileType = wrapper.application; includeInIndex = 0; path = "web-view-ios.app"; sourceTree = BUILT_PRODUCTS_DIR; };
		4B8E277F2DC1771700E971F0 /* web-view-iosTests.xctest */ = {isa = PBXFileReference; explicitFileType = wrapper.cfbundle; includeInIndex = 0; path = "web-view-iosTests.xctest"; sourceTree = BUILT_PRODUCTS_DIR; };
		4B8E27892DC1771700E971F0 /* web-view-iosUITests.xctest */ = {isa = PBXFileReference; explicitFileType = wrapper.cfbundle; includeInIndex = 0; path = "web-view-iosUITests.xctest"; sourceTree = BUILT_PRODUCTS_DIR; };
/* End PBXFileReference section */

/* Begin PBXFileSystemSynchronizedBuildFileExceptionSet section */
		4B7BC4572DC2BBF400711C8D /* Exceptions for "web-view-ios" folder in "web-view-iosTests" target */ = {
			isa = PBXFileSystemSynchronizedBuildFileExceptionSet;
			membershipExceptions = (
				html/index.html,
			);
			target = 4B8E277E2DC1771700E971F0 /* web-view-iosTests */;
		};
		4B7BC4582DC2BBF400711C8D /* Exceptions for "web-view-ios" folder in "web-view-iosUITests" target */ = {
			isa = PBXFileSystemSynchronizedBuildFileExceptionSet;
			membershipExceptions = (
				html/index.html,
			);
			target = 4B8E27882DC1771700E971F0 /* web-view-iosUITests */;
		};
		4B8E27912DC1771700E971F0 /* Exceptions for "web-view-ios" folder in "web-view-ios" target */ = {
			isa = PBXFileSystemSynchronizedBuildFileExceptionSet;
			membershipExceptions = (
				Info.plist,
			);
			target = 4B8E27682DC1771500E971F0 /* web-view-ios */;
		};
/* End PBXFileSystemSynchronizedBuildFileExceptionSet section */

/* Begin PBXFileSystemSynchronizedRootGroup section */
		4B8E276B2DC1771500E971F0 /* web-view-ios */ = {
			isa = PBXFileSystemSynchronizedRootGroup;
			exceptions = (
				4B8E27912DC1771700E971F0 /* Exceptions for "web-view-ios" folder in "web-view-ios" target */,
				4B7BC4572DC2BBF400711C8D /* Exceptions for "web-view-ios" folder in "web-view-iosTests" target */,
				4B7BC4582DC2BBF400711C8D /* Exceptions for "web-view-ios" folder in "web-view-iosUITests" target */,
			);
			path = "web-view-ios";
			sourceTree = "<group>";
		};
		4B8E27822DC1771700E971F0 /* web-view-iosTests */ = {
			isa = PBXFileSystemSynchronizedRootGroup;
			path = "web-view-iosTests";
			sourceTree = "<group>";
		};
		4B8E278C2DC1771700E971F0 /* web-view-iosUITests */ = {
			isa = PBXFileSystemSynchronizedRootGroup;
			path = "web-view-iosUITests";
			sourceTree = "<group>";
		};
/* End PBXFileSystemSynchronizedRootGroup section */

/* Begin PBXFrameworksBuildPhase section */
		4B8E27662DC1771500E971F0 /* Frameworks */ = {
			isa = PBXFrameworksBuildPhase;
			buildActionMask = 2147483647;
			files = (
			);
			runOnlyForDeploymentPostprocessing = 0;
		};
		4B8E277C2DC1771700E971F0 /* Frameworks */ = {
			isa = PBXFrameworksBuildPhase;
			buildActionMask = 2147483647;
			files = (
			);
			runOnlyForDeploymentPostprocessing = 0;
		};
		4B8E27862DC1771700E971F0 /* Frameworks */ = {
			isa = PBXFrameworksBuildPhase;
			buildActionMask = 2147483647;
			files = (
			);
			runOnlyForDeploymentPostprocessing = 0;
		};
/* End PBXFrameworksBuildPhase section */

/* Begin PBXGroup section */
		4B8E27602DC1771500E971F0 = {
			isa = PBXGroup;
			children = (
				4B8E276B2DC1771500E971F0 /* web-view-ios */,
				4B8E27822DC1771700E971F0 /* web-view-iosTests */,
				4B8E278C2DC1771700E971F0 /* web-view-iosUITests */,
				4B8E276A2DC1771500E971F0 /* Products */,
			);
			sourceTree = "<group>";
		};
		4B8E276A2DC1771500E971F0 /* Products */ = {
			isa = PBXGroup;
			children = (
				4B8E27692DC1771500E971F0 /* web-view-ios.app */,
				4B8E277F2DC1771700E971F0 /* web-view-iosTests.xctest */,
				4B8E27892DC1771700E971F0 /* web-view-iosUITests.xctest */,
			);
			name = Products;
			sourceTree = "<group>";
		};
/* End PBXGroup section */

/* Begin PBXNativeTarget section */
		4B8E27682DC1771500E971F0 /* web-view-ios */ = {
			isa = PBXNativeTarget;
			buildConfigurationList = 4B8E27922DC1771700E971F0 /* Build configuration list for PBXNativeTarget "web-view-ios" */;
			buildPhases = (
				4B8E27652DC1771500E971F0 /* Sources */,
				4B8E27662DC1771500E971F0 /* Frameworks */,
				4B8E27672DC1771500E971F0 /* Resources */,
			);
			buildRules = (
			);
			dependencies = (
			);
			fileSystemSynchronizedGroups = (
				4B8E276B2DC1771500E971F0 /* web-view-ios */,
			);
			name = "web-view-ios";
			packageProductDependencies = (
			);
			productName = "web-view-ios";
			productReference = 4B8E27692DC1771500E971F0 /* web-view-ios.app */;
			productType = "com.apple.product-type.application";
		};
		4B8E277E2DC1771700E971F0 /* web-view-iosTests */ = {
			isa = PBXNativeTarget;
			buildConfigurationList = 4B8E27972DC1771700E971F0 /* Build configuration list for PBXNativeTarget "web-view-iosTests" */;
			buildPhases = (
				4B8E277B2DC1771700E971F0 /* Sources */,
				4B8E277C2DC1771700E971F0 /* Frameworks */,
				4B8E277D2DC1771700E971F0 /* Resources */,
			);
			buildRules = (
			);
			dependencies = (
				4B8E27812DC1771700E971F0 /* PBXTargetDependency */,
			);
			fileSystemSynchronizedGroups = (
				4B8E27822DC1771700E971F0 /* web-view-iosTests */,
			);
			name = "web-view-iosTests";
			packageProductDependencies = (
			);
			productName = "web-view-iosTests";
			productReference = 4B8E277F2DC1771700E971F0 /* web-view-iosTests.xctest */;
			productType = "com.apple.product-type.bundle.unit-test";
		};
		4B8E27882DC1771700E971F0 /* web-view-iosUITests */ = {
			isa = PBXNativeTarget;
			buildConfigurationList = 4B8E279A2DC1771700E971F0 /* Build configuration list for PBXNativeTarget "web-view-iosUITests" */;
			buildPhases = (
				4B8E27852DC1771700E971F0 /* Sources */,
				4B8E27862DC1771700E971F0 /* Frameworks */,
				4B8E27872DC1771700E971F0 /* Resources */,
			);
			buildRules = (
			);
			dependencies = (
				4B8E278B2DC1771700E971F0 /* PBXTargetDependency */,
			);
			fileSystemSynchronizedGroups = (
				4B8E278C2DC1771700E971F0 /* web-view-iosUITests */,
			);
			name = "web-view-iosUITests";
			packageProductDependencies = (
			);
			productName = "web-view-iosUITests";
			productReference = 4B8E27892DC1771700E971F0 /* web-view-iosUITests.xctest */;
			productType = "com.apple.product-type.bundle.ui-testing";
		};
/* End PBXNativeTarget section */

/* Begin PBXProject section */
		4B8E27612DC1771500E971F0 /* Project object */ = {
			isa = PBXProject;
			attributes = {
				BuildIndependentTargetsInParallel = 1;
				LastSwiftUpdateCheck = 1630;
				LastUpgradeCheck = 1630;
				TargetAttributes = {
					4B8E27682DC1771500E971F0 = {
						CreatedOnToolsVersion = 16.3;
					};
					4B8E277E2DC1771700E971F0 = {
						CreatedOnToolsVersion = 16.3;
						TestTargetID = 4B8E27682DC1771500E971F0;
					};
					4B8E27882DC1771700E971F0 = {
						CreatedOnToolsVersion = 16.3;
						TestTargetID = 4B8E27682DC1771500E971F0;
					};
				};
			};
			buildConfigurationList = 4B8E27642DC1771500E971F0 /* Build configuration list for PBXProject "web-view-ios" */;
			developmentRegion = en;
			hasScannedForEncodings = 0;
			knownRegions = (
				en,
				Base,
			);
			mainGroup = 4B8E27602DC1771500E971F0;
			minimizedProjectReferenceProxies = 1;
			preferredProjectObjectVersion = 77;
			productRefGroup = 4B8E276A2DC1771500E971F0 /* Products */;
			projectDirPath = "";
			projectRoot = "";
			targets = (
				4B8E27682DC1771500E971F0 /* web-view-ios */,
				4B8E277E2DC1771700E971F0 /* web-view-iosTests */,
				4B8E27882DC1771700E971F0 /* web-view-iosUITests */,
			);
		};
/* End PBXProject section */

/* Begin PBXResourcesBuildPhase section */
		4B8E27672DC1771500E971F0 /* Resources */ = {
			isa = PBXResourcesBuildPhase;
			buildActionMask = 2147483647;
			files = (
			);
			runOnlyForDeploymentPostprocessing = 0;
		};
		4B8E277D2DC1771700E971F0 /* Resources */ = {
			isa = PBXResourcesBuildPhase;
			buildActionMask = 2147483647;
			files = (
			);
			runOnlyForDeploymentPostprocessing = 0;
		};
		4B8E27872DC1771700E971F0 /* Resources */ = {
			isa = PBXResourcesBuildPhase;
			buildActionMask = 2147483647;
			files = (
			);
			runOnlyForDeploymentPostprocessing = 0;
		};
/* End PBXResourcesBuildPhase section */

/* Begin PBXSourcesBuildPhase section */
		4B8E27652DC1771500E971F0 /* Sources */ = {
			isa = PBXSourcesBuildPhase;
			buildActionMask = 2147483647;
			files = (
			);
			runOnlyForDeploymentPostprocessing = 0;
		};
		4B8E277B2DC1771700E971F0 /* Sources */ = {
			isa = PBXSourcesBuildPhase;
			buildActionMask = 2147483647;
			files = (
			);
			runOnlyForDeploymentPostprocessing = 0;
		};
		4B8E27852DC1771700E971F0 /* Sources */ = {
			isa = PBXSourcesBuildPhase;
			buildActionMask = 2147483647;
			files = (
			);
			runOnlyForDeploymentPostprocessing = 0;
		};
/* End PBXSourcesBuildPhase section */

/* Begin PBXTargetDependency section */
		4B8E27812DC1771700E971F0 /* PBXTargetDependency */ = {
			isa = PBXTargetDependency;
			target = 4B8E27682DC1771500E971F0 /* web-view-ios */;
			targetProxy = 4B8E27802DC1771700E971F0 /* PBXContainerItemProxy */;
		};
		4B8E278B2DC1771700E971F0 /* PBXTargetDependency */ = {
			isa = PBXTargetDependency;
			target = 4B8E27682DC1771500E971F0 /* web-view-ios */;
			targetProxy = 4B8E278A2DC1771700E971F0 /* PBXContainerItemProxy */;
		};
/* End PBXTargetDependency section */

/* Begin XCBuildConfiguration section */
		4B8E27932DC1771700E971F0 /* Debug */ = {
			isa = XCBuildConfiguration;
			buildSettings = {
				ASSETCATALOG_COMPILER_APPICON_NAME = AppIcon;
				ASSETCATALOG_COMPILER_GLOBAL_ACCENT_COLOR_NAME = AccentColor;
				CODE_SIGN_ENTITLEMENTS = "web-view-ios/web-view-ios.entitlements";
				CODE_SIGN_STYLE = Automatic;
				CURRENT_PROJECT_VERSION = 1;
				DEVELOPMENT_TEAM = 3NH25ZBR74;
				GENERATE_INFOPLIST_FILE = YES;
				INFOPLIST_FILE = "web-view-ios/Info.plist";
				INFOPLIST_KEY_CFBundleDisplayName = "Web View";
				INFOPLIST_KEY_LSApplicationCategoryType = "public.app-category.social-networking";
				INFOPLIST_KEY_UIApplicationSupportsIndirectInputEvents = YES;
				INFOPLIST_KEY_UILaunchStoryboardName = LaunchScreen;
				INFOPLIST_KEY_UIStatusBarStyle = "";
				INFOPLIST_KEY_UISupportedInterfaceOrientations = UIInterfaceOrientationPortrait;
				LD_RUNPATH_SEARCH_PATHS = (
					"$(inherited)",
					"@executable_path/Frameworks",
				);
				MARKETING_VERSION = 1.0;
				PRODUCT_BUNDLE_IDENTIFIER = "elum.web-view-ios";
				PRODUCT_NAME = "$(TARGET_NAME)";
				SWIFT_EMIT_LOC_STRINGS = YES;
				SWIFT_VERSION = 5.0;
				TARGETED_DEVICE_FAMILY = "1,2";
			};
			name = Debug;
		};
		4B8E27942DC1771700E971F0 /* Release */ = {
			isa = XCBuildConfiguration;
			buildSettings = {
				ASSETCATALOG_COMPILER_APPICON_NAME = AppIcon;
				ASSETCATALOG_COMPILER_GLOBAL_ACCENT_COLOR_NAME = AccentColor;
				CODE_SIGN_ENTITLEMENTS = "web-view-ios/web-view-ios.entitlements";
				CODE_SIGN_STYLE = Automatic;
				CURRENT_PROJECT_VERSION = 1;
				DEVELOPMENT_TEAM = 3NH25ZBR74;
				GENERATE_INFOPLIST_FILE = YES;
				INFOPLIST_FILE = "web-view-ios/Info.plist";
				INFOPLIST_KEY_CFBundleDisplayName = "Web View";
				INFOPLIST_KEY_LSApplicationCategoryType = "public.app-category.social-networking";
				INFOPLIST_KEY_UIApplicationSupportsIndirectInputEvents = YES;
				INFOPLIST_KEY_UILaunchStoryboardName = LaunchScreen;
				INFOPLIST_KEY_UIStatusBarStyle = "";
				INFOPLIST_KEY_UISupportedInterfaceOrientations = UIInterfaceOrientationPortrait;
				LD_RUNPATH_SEARCH_PATHS = (
					"$(inherited)",
					"@executable_path/Frameworks",
				);
				MARKETING_VERSION = 1.0;
				PRODUCT_BUNDLE_IDENTIFIER = "elum.web-view-ios";
				PRODUCT_NAME = "$(TARGET_NAME)";
				SWIFT_EMIT_LOC_STRINGS = YES;
				SWIFT_VERSION = 5.0;
				TARGETED_DEVICE_FAMILY = "1,2";
			};
			name = Release;
		};
		4B8E27952DC1771700E971F0 /* Debug */ = {
			isa = XCBuildConfiguration;
			buildSettings = {
				ALWAYS_SEARCH_USER_PATHS = NO;
				ASSETCATALOG_COMPILER_GENERATE_SWIFT_ASSET_SYMBOL_EXTENSIONS = YES;
				CLANG_ANALYZER_NONNULL = YES;
				CLANG_ANALYZER_NUMBER_OBJECT_CONVERSION = YES_AGGRESSIVE;
				CLANG_CXX_LANGUAGE_STANDARD = "gnu++20";
				CLANG_ENABLE_MODULES = YES;
				CLANG_ENABLE_OBJC_ARC = YES;
				CLANG_ENABLE_OBJC_WEAK = YES;
				CLANG_WARN_BLOCK_CAPTURE_AUTORELEASING = YES;
				CLANG_WARN_BOOL_CONVERSION = YES;
				CLANG_WARN_COMMA = YES;
				CLANG_WARN_CONSTANT_CONVERSION = YES;
				CLANG_WARN_DEPRECATED_OBJC_IMPLEMENTATIONS = YES;
				CLANG_WARN_DIRECT_OBJC_ISA_USAGE = YES_ERROR;
				CLANG_WARN_DOCUMENTATION_COMMENTS = YES;
				CLANG_WARN_EMPTY_BODY = YES;
				CLANG_WARN_ENUM_CONVERSION = YES;
				CLANG_WARN_INFINITE_RECURSION = YES;
				CLANG_WARN_INT_CONVERSION = YES;
				CLANG_WARN_NON_LITERAL_NULL_CONVERSION = YES;
				CLANG_WARN_OBJC_IMPLICIT_RETAIN_SELF = YES;
				CLANG_WARN_OBJC_LITERAL_CONVERSION = YES;
				CLANG_WARN_OBJC_ROOT_CLASS = YES_ERROR;
				CLANG_WARN_QUOTED_INCLUDE_IN_FRAMEWORK_HEADER = YES;
				CLANG_WARN_RANGE_LOOP_ANALYSIS = YES;
				CLANG_WARN_STRICT_PROTOTYPES = YES;
				CLANG_WARN_SUSPICIOUS_MOVE = YES;
				CLANG_WARN_UNGUARDED_AVAILABILITY = YES_AGGRESSIVE;
				CLANG_WARN_UNREACHABLE_CODE = YES;
				CLANG_WARN__DUPLICATE_METHOD_MATCH = YES;
				COPY_PHASE_STRIP = NO;
				DEBUG_INFORMATION_FORMAT = dwarf;
				DEVELOPMENT_TEAM = 3NH25ZBR74;
				ENABLE_STRICT_OBJC_MSGSEND = YES;
				ENABLE_TESTABILITY = YES;
				ENABLE_USER_SCRIPT_SANDBOXING = YES;
				GCC_C_LANGUAGE_STANDARD = gnu17;
				GCC_DYNAMIC_NO_PIC = NO;
				GCC_NO_COMMON_BLOCKS = YES;
				GCC_OPTIMIZATION_LEVEL = 0;
				GCC_PREPROCESSOR_DEFINITIONS = (
					"DEBUG=1",
					"$(inherited)",
				);
				GCC_WARN_64_TO_32_BIT_CONVERSION = YES;
				GCC_WARN_ABOUT_RETURN_TYPE = YES_ERROR;
				GCC_WARN_UNDECLARED_SELECTOR = YES;
				GCC_WARN_UNINITIALIZED_AUTOS = YES_AGGRESSIVE;
				GCC_WARN_UNUSED_FUNCTION = YES;
				GCC_WARN_UNUSED_VARIABLE = YES;
				IPHONEOS_DEPLOYMENT_TARGET = 18.4;
				LOCALIZATION_PREFERS_STRING_CATALOGS = YES;
				MTL_ENABLE_DEBUG_INFO = INCLUDE_SOURCE;
				MTL_FAST_MATH = YES;
				ONLY_ACTIVE_ARCH = YES;
				SDKROOT = iphoneos;
				SWIFT_ACTIVE_COMPILATION_CONDITIONS = "DEBUG $(inherited)";
				SWIFT_OPTIMIZATION_LEVEL = "-Onone";
			};
			name = Debug;
		};
		4B8E27962DC1771700E971F0 /* Release */ = {
			isa = XCBuildConfiguration;
			buildSettings = {
				ALWAYS_SEARCH_USER_PATHS = NO;
				ASSETCATALOG_COMPILER_GENERATE_SWIFT_ASSET_SYMBOL_EXTENSIONS = YES;
				CLANG_ANALYZER_NONNULL = YES;
				CLANG_ANALYZER_NUMBER_OBJECT_CONVERSION = YES_AGGRESSIVE;
				CLANG_CXX_LANGUAGE_STANDARD = "gnu++20";
				CLANG_ENABLE_MODULES = YES;
				CLANG_ENABLE_OBJC_ARC = YES;
				CLANG_ENABLE_OBJC_WEAK = YES;
				CLANG_WARN_BLOCK_CAPTURE_AUTORELEASING = YES;
				CLANG_WARN_BOOL_CONVERSION = YES;
				CLANG_WARN_COMMA = YES;
				CLANG_WARN_CONSTANT_CONVERSION = YES;
				CLANG_WARN_DEPRECATED_OBJC_IMPLEMENTATIONS = YES;
				CLANG_WARN_DIRECT_OBJC_ISA_USAGE = YES_ERROR;
				CLANG_WARN_DOCUMENTATION_COMMENTS = YES;
				CLANG_WARN_EMPTY_BODY = YES;
				CLANG_WARN_ENUM_CONVERSION = YES;
				CLANG_WARN_INFINITE_RECURSION = YES;
				CLANG_WARN_INT_CONVERSION = YES;
				CLANG_WARN_NON_LITERAL_NULL_CONVERSION = YES;
				CLANG_WARN_OBJC_IMPLICIT_RETAIN_SELF = YES;
				CLANG_WARN_OBJC_LITERAL_CONVERSION = YES;
				CLANG_WARN_OBJC_ROOT_CLASS = YES_ERROR;
				CLANG_WARN_QUOTED_INCLUDE_IN_FRAMEWORK_HEADER = YES;
				CLANG_WARN_RANGE_LOOP_ANALYSIS = YES;
				CLANG_WARN_STRICT_PROTOTYPES = YES;
				CLANG_WARN_SUSPICIOUS_MOVE = YES;
				CLANG_WARN_UNGUARDED_AVAILABILITY = YES_AGGRESSIVE;
				CLANG_WARN_UNREACHABLE_CODE = YES;
				CLANG_WARN__DUPLICATE_METHOD_MATCH = YES;
				COPY_PHASE_STRIP = NO;
				DEBUG_INFORMATION_FORMAT = "dwarf-with-dsym";
				DEVELOPMENT_TEAM = 3NH25ZBR74;
				ENABLE_NS_ASSERTIONS = NO;
				ENABLE_STRICT_OBJC_MSGSEND = YES;
				ENABLE_USER_SCRIPT_SANDBOXING = YES;
				GCC_C_LANGUAGE_STANDARD = gnu17;
				GCC_NO_COMMON_BLOCKS = YES;
				GCC_WARN_64_TO_32_BIT_CONVERSION = YES;
				GCC_WARN_ABOUT_RETURN_TYPE = YES_ERROR;
				GCC_WARN_UNDECLARED_SELECTOR = YES;
				GCC_WARN_UNINITIALIZED_AUTOS = YES_AGGRESSIVE;
				GCC_WARN_UNUSED_FUNCTION = YES;
				GCC_WARN_UNUSED_VARIABLE = YES;
				IPHONEOS_DEPLOYMENT_TARGET = 18.4;
				LOCALIZATION_PREFERS_STRING_CATALOGS = YES;
				MTL_ENABLE_DEBUG_INFO = NO;
				MTL_FAST_MATH = YES;
				SDKROOT = iphoneos;
				SWIFT_COMPILATION_MODE = wholemodule;
				VALIDATE_PRODUCT = YES;
			};
			name = Release;
		};
		4B8E27982DC1771700E971F0 /* Debug */ = {
			isa = XCBuildConfiguration;
			buildSettings = {
				BUNDLE_LOADER = "$(TEST_HOST)";
				CODE_SIGN_STYLE = Automatic;
				CURRENT_PROJECT_VERSION = 1;
				DEVELOPMENT_TEAM = 3NH25ZBR74;
				GENERATE_INFOPLIST_FILE = YES;
				IPHONEOS_DEPLOYMENT_TARGET = 18.4;
				MARKETING_VERSION = 1.0;
				PRODUCT_BUNDLE_IDENTIFIER = "elum.web-view-iosTests";
				PRODUCT_NAME = "$(TARGET_NAME)";
				SWIFT_EMIT_LOC_STRINGS = NO;
				SWIFT_VERSION = 5.0;
				TARGETED_DEVICE_FAMILY = "1,2";
				TEST_HOST = "$(BUILT_PRODUCTS_DIR)/web-view-ios.app/$(BUNDLE_EXECUTABLE_FOLDER_PATH)/web-view-ios";
			};
			name = Debug;
		};
		4B8E27992DC1771700E971F0 /* Release */ = {
			isa = XCBuildConfiguration;
			buildSettings = {
				BUNDLE_LOADER = "$(TEST_HOST)";
				CODE_SIGN_STYLE = Automatic;
				CURRENT_PROJECT_VERSION = 1;
				DEVELOPMENT_TEAM = 3NH25ZBR74;
				GENERATE_INFOPLIST_FILE = YES;
				IPHONEOS_DEPLOYMENT_TARGET = 18.4;
				MARKETING_VERSION = 1.0;
				PRODUCT_BUNDLE_IDENTIFIER = "elum.web-view-iosTests";
				PRODUCT_NAME = "$(TARGET_NAME)";
				SWIFT_EMIT_LOC_STRINGS = NO;
				SWIFT_VERSION = 5.0;
				TARGETED_DEVICE_FAMILY = "1,2";
				TEST_HOST = "$(BUILT_PRODUCTS_DIR)/web-view-ios.app/$(BUNDLE_EXECUTABLE_FOLDER_PATH)/web-view-ios";
			};
			name = Release;
		};
		4B8E279B2DC1771700E971F0 /* Debug */ = {
			isa = XCBuildConfiguration;
			buildSettings = {
				CODE_SIGN_STYLE = Automatic;
				CURRENT_PROJECT_VERSION = 1;
				DEVELOPMENT_TEAM = 3NH25ZBR74;
				GENERATE_INFOPLIST_FILE = YES;
				MARKETING_VERSION = 1.0;
				PRODUCT_BUNDLE_IDENTIFIER = "elum.web-view-iosUITests";
				PRODUCT_NAME = "$(TARGET_NAME)";
				SWIFT_EMIT_LOC_STRINGS = NO;
				SWIFT_VERSION = 5.0;
				TARGETED_DEVICE_FAMILY = "1,2";
				TEST_TARGET_NAME = "web-view-ios";
			};
			name = Debug;
		};
		4B8E279C2DC1771700E971F0 /* Release */ = {
			isa = XCBuildConfiguration;
			buildSettings = {
				CODE_SIGN_STYLE = Automatic;
				CURRENT_PROJECT_VERSION = 1;
				DEVELOPMENT_TEAM = 3NH25ZBR74;
				GENERATE_INFOPLIST_FILE = YES;
				MARKETING_VERSION = 1.0;
				PRODUCT_BUNDLE_IDENTIFIER = "elum.web-view-iosUITests";
				PRODUCT_NAME = "$(TARGET_NAME)";
				SWIFT_EMIT_LOC_STRINGS = NO;
				SWIFT_VERSION = 5.0;
				TARGETED_DEVICE_FAMILY = "1,2";
				TEST_TARGET_NAME = "web-view-ios";
			};
			name = Release;
		};
/* End XCBuildConfiguration section */

/* Begin XCConfigurationList section */
		4B8E27642DC1771500E971F0 /* Build configuration list for PBXProject "web-view-ios" */ = {
			isa = XCConfigurationList;
			buildConfigurations = (
				4B8E27952DC1771700E971F0 /* Debug */,
				4B8E27962DC1771700E971F0 /* Release */,
			);
			defaultConfigurationIsVisible = 0;
			defaultConfigurationName = Release;
		};
		4B8E27922DC1771700E971F0 /* Build configuration list for PBXNativeTarget "web-view-ios" */ = {
			isa = XCConfigurationList;
			buildConfigurations = (
				4B8E27932DC1771700E971F0 /* Debug */,
				4B8E27942DC1771700E971F0 /* Release */,
			);
			defaultConfigurationIsVisible = 0;
			defaultConfigurationName = Release;
		};
		4B8E27972DC1771700E971F0 /* Build configuration list for PBXNativeTarget "web-view-iosTests" */ = {
			isa = XCConfigurationList;
			buildConfigurations = (
				4B8E27982DC1771700E971F0 /* Debug */,
				4B8E27992DC1771700E971F0 /* Release */,
			);
			defaultConfigurationIsVisible = 0;
			defaultConfigurationName = Release;
		};
		4B8E279A2DC1771700E971F0 /* Build configuration list for PBXNativeTarget "web-view-iosUITests" */ = {
			isa = XCConfigurationList;
			buildConfigurations = (
				4B8E279B2DC1771700E971F0 /* Debug */,
				4B8E279C2DC1771700E971F0 /* Release */,
			);
			defaultConfigurationIsVisible = 0;
			defaultConfigurationName = Release;
		};
/* End XCConfigurationList section */
	};
	rootObject = 4B8E27612DC1771500E971F0 /* Project object */;
}
